{
  "name": "Profile",
  "lockfileVersion": 3,
  "requires": true,
  "packages": {
    "": {
      "dependencies": {
        "@types/live-server": "^1.2.3"
      }
    },
    "node_modules/@types/live-server": {
      "version": "1.2.3",
      "resolved": "https://registry.npmjs.org/@types/live-server/-/live-server-1.2.3.tgz",
      "integrity": "sha512-s8SQNTnUgaYQemV1Nt7SILh5ChYbWVg8ONLBbcmjHcpAwpyHh7MXBIpwgwPNvx19lIbBWszQJ3k8ynNIHLtlyg=="
    }
  }
}
